// !$*UTF8*$!
{
	archiveVersion = 1;
	classes = {
	};
	objectVersion = 71;
	objects = {

/* Begin PBXBuildFile section */
		C8ACB50E7F1842A39507AB10 /* Views/NodeCreatedView.swift in Sources */ = {isa = PBXBuildFile; fileRef = C8ACB50E7F1842A39507AB11 /* Views/NodeCreatedView.swift */; };
		F11E00000000000000000001 /* Models/AuthorizationPageState.swift in Sources */ = {isa = PBXBuildFile; fileRef = F11F00000000000000000001 /* Models/AuthorizationPageState.swift */; };
		F11E00000000000000000002 /* Stores/AuthorizationGroupStore.swift in Sources */ = {isa = PBXBuildFile; fileRef = F11F00000000000000000002 /* Stores/AuthorizationGroupStore.swift */; };
		F11E00000000000000000003 /* Views/AuthorizationGroupsView.swift in Sources */ = {isa = PBXBuildFile; fileRef = F11F00000000000000000003 /* Views/AuthorizationGroupsView.swift */; };
		F11E00000000000000000004 /* Views/AuthorizationGroupEditorView.swift in Sources */ = {isa = PBXBuildFile; fileRef = F11F00000000000000000004 /* Views/AuthorizationGroupEditorView.swift */; };
		F11E00000000000000000005 /* Views/AuthorizationGroupDeletionPreviewView.swift in Sources */ = {isa = PBXBuildFile; fileRef = F11F00000000000000000005 /* Views/AuthorizationGroupDeletionPreviewView.swift */; };
		F11E00000000000000000006 /* Views/AuthorizationMutationReceiptView.swift in Sources */ = {isa = PBXBuildFile; fileRef = F11F00000000000000000006 /* Views/AuthorizationMutationReceiptView.swift */; };
		F11E00000000000000000007 /* Views/AuthorizationMultiSelectSheet.swift in Sources */ = {isa = PBXBuildFile; fileRef = F11F00000000000000000007 /* Views/AuthorizationMultiSelectSheet.swift */; };
		F11E00000000000000000008 /* Views/UserAuthorizationGroupMembershipView.swift in Sources */ = {isa = PBXBuildFile; fileRef = F11F00000000000000000008 /* Views/UserAuthorizationGroupMembershipView.swift */; };
		000000000000000000002C04 = {isa = PBXBuildFile; fileRef = 000000000000000000001C04; };
		000000000000000000002C00 /* Localization.swift in Sources */ = {isa = PBXBuildFile; fileRef = 000000000000000000001C00; };
		000000000000000000002C01 /* Localizable.strings in Resources */ = {isa = PBXBuildFile; fileRef = 000000000000000000001C01; };
		000000000000000000002B03 /* Views/DetailHeaderLayout.swift in Sources */ = {isa = PBXBuildFile; fileRef = 000000000000000000001B03 /* Views/DetailHeaderLayout.swift */; };
		000000000000000000002B02 /* Models/NodeTaskFeedback.swift in Sources */ = {isa = PBXBuildFile; fileRef = 000000000000000000001B02 /* Models/NodeTaskFeedback.swift */; };
		000000000000000000002B01 /* Views/DNSRecordDetailView.swift in Sources */ = {isa = PBXBuildFile; fileRef = 000000000000000000001B01 /* Views/DNSRecordDetailView.swift */; };
		7C78671F3CC4403BA2F4EB65 /* Views/DNSRecordAppearance.swift in Sources */ = {isa = PBXBuildFile; fileRef = 63A415D8C64E4A67A79D058C /* Views/DNSRecordAppearance.swift */; };
		000000000000000000002B00 /* Views/MainVerticalSplitView.swift in Sources */ = {isa = PBXBuildFile; fileRef = 000000000000000000001B00 /* Views/MainVerticalSplitView.swift */; };
		0000000000000000000F2000 /* Models/DNSAllocationDraft.swift in Sources */ = {isa = PBXBuildFile; fileRef = 0000000000000000000F1000 /* Models/DNSAllocationDraft.swift */; };
		0000000000000000000F2001 /* Stores/DNSStore.swift in Sources */ = {isa = PBXBuildFile; fileRef = 0000000000000000000F1001 /* Stores/DNSStore.swift */; };
		0000000000000000000F2002 /* Views/DNSAllocationFields.swift in Sources */ = {isa = PBXBuildFile; fileRef = 0000000000000000000F1002 /* Views/DNSAllocationFields.swift */; };
		0000000000000000000F2003 /* Views/DNSRecordEditorView.swift in Sources */ = {isa = PBXBuildFile; fileRef = 0000000000000000000F1003 /* Views/DNSRecordEditorView.swift */; };
		0000000000000000000F2004 /* Views/DNSConnectionsView.swift in Sources */ = {isa = PBXBuildFile; fileRef = 0000000000000000000F1004 /* Views/DNSConnectionsView.swift */; };
		0000000000000000000F2005 /* Views/DNSRecordsView.swift in Sources */ = {isa = PBXBuildFile; fileRef = 0000000000000000000F1005 /* Views/DNSRecordsView.swift */; };
		0000000000000000000F2006 /* Views/DNSBindingEditorView.swift in Sources */ = {isa = PBXBuildFile; fileRef = 0000000000000000000F1006 /* Views/DNSBindingEditorView.swift */; };
		000000000000000000002000 /* App/HysteriaXApp.swift in Sources */ = {isa = PBXBuildFile; fileRef = 000000000000000000001000 /* App/HysteriaXApp.swift */; };
		000000000000000000002001 /* Models/APIModels.swift in Sources */ = {isa = PBXBuildFile; fileRef = 000000000000000000001001 /* Models/APIModels.swift */; };
		000000000000000000002002 /* Services/APIClient.swift in Sources */ = {isa = PBXBuildFile; fileRef = 000000000000000000001002 /* Services/APIClient.swift */; };
		000000000000000000002003 /* Services/KeychainStore.swift in Sources */ = {isa = PBXBuildFile; fileRef = 000000000000000000001003 /* Services/KeychainStore.swift */; };
		000000000000000000002004 /* Stores/ManagementStore.swift in Sources */ = {isa = PBXBuildFile; fileRef = 000000000000000000001004 /* Stores/ManagementStore.swift */; };
		000000000000000000002005 /* Views/AuditView.swift in Sources */ = {isa = PBXBuildFile; fileRef = 000000000000000000001005 /* Views/AuditView.swift */; };
		000000000000000000002006 /* Views/ContentView.swift in Sources */ = {isa = PBXBuildFile; fileRef = 000000000000000000001006 /* Views/ContentView.swift */; };
		000000000000000000002007 /* Views/JobsView.swift in Sources */ = {isa = PBXBuildFile; fileRef = 000000000000000000001007 /* Views/JobsView.swift */; };
		000000000000000000002008 /* Views/NodesView.swift in Sources */ = {isa = PBXBuildFile; fileRef = 000000000000000000001008 /* Views/NodesView.swift */; };
		000000000000000000002009 /* Views/OverviewView.swift in Sources */ = {isa = PBXBuildFile; fileRef = 000000000000000000001009 /* Views/OverviewView.swift */; };
		00000000000000000000200A /* Views/SettingsView.swift in Sources */ = {isa = PBXBuildFile; fileRef = 00000000000000000000100A /* Views/SettingsView.swift */; };
		00000000000000000000200B /* Views/UsersView.swift in Sources */ = {isa = PBXBuildFile; fileRef = 00000000000000000000100B /* Views/UsersView.swift */; };
		000000000000000000002508 /* Views/QuotaProgressView.swift in Sources */ = {isa = PBXBuildFile; fileRef = 000000000000000000001508 /* Views/QuotaProgressView.swift */; };
		00000000000000000000200C /* Views/ProxyConfigurationView.swift in Sources */ = {isa = PBXBuildFile; fileRef = 00000000000000000000100C /* Views/ProxyConfigurationView.swift */; };
		00000000000000000000200D /* Models/OpenAPIRequests.generated.swift in Sources */ = {isa = PBXBuildFile; fileRef = 00000000000000000000100D /* Models/OpenAPIRequests.generated.swift */; };
		00000000000000000000200E /* Models/OpenAPIResponses.generated.swift in Sources */ = {isa = PBXBuildFile; fileRef = 00000000000000000000100E /* Models/OpenAPIResponses.generated.swift */; };
		00000000000000000000200F /* Views/UserNodeAssignmentsView.swift in Sources */ = {isa = PBXBuildFile; fileRef = 00000000000000000000100F /* Views/UserNodeAssignmentsView.swift */; };
		000000000000000000002100 /* Models/NodePackageDraft.swift in Sources */ = {isa = PBXBuildFile; fileRef = 000000000000000000001100 /* Models/NodePackageDraft.swift */; };
		000000000000000000002101 /* Views/NodePackageFields.swift in Sources */ = {isa = PBXBuildFile; fileRef = 000000000000000000001101 /* Views/NodePackageFields.swift */; };
		000000000000000000002102 /* Services/NodeAlertNotifications.swift in Sources */ = {isa = PBXBuildFile; fileRef = 000000000000000000001102 /* Services/NodeAlertNotifications.swift */; };
		000000000000000000002200 /* Models/ServerConfigurationDraft.swift in Sources */ = {isa = PBXBuildFile; fileRef = 000000000000000000001200 /* Models/ServerConfigurationDraft.swift */; };
		000000000000000000002201 /* Views/ServerConfigurationView.swift in Sources */ = {isa = PBXBuildFile; fileRef = 000000000000000000001201 /* Views/ServerConfigurationView.swift */; };
		000000000000000000002300 /* Views/NodeNotificationsButton.swift in Sources */ = {isa = PBXBuildFile; fileRef = 000000000000000000001300 /* Views/NodeNotificationsButton.swift */; };
		000000000000000000002400 /* Models/OverviewDisplay.swift in Sources */ = {isa = PBXBuildFile; fileRef = 000000000000000000001400 /* Models/OverviewDisplay.swift */; };
		000000000000000000002401 /* Views/OverviewMonitoringView.swift in Sources */ = {isa = PBXBuildFile; fileRef = 000000000000000000001401 /* Views/OverviewMonitoringView.swift */; };
		000000000000000000002402 /* Views/OverviewHistoryView.swift in Sources */ = {isa = PBXBuildFile; fileRef = 000000000000000000001402 /* Views/OverviewHistoryView.swift */; };
		000000000000000000002500 /* Models/OverviewSceneState.swift in Sources */ = {isa = PBXBuildFile; fileRef = 000000000000000000001500 /* Models/OverviewSceneState.swift */; };
		000000000000000000002501 /* Models/OverviewHistoryDisplay.swift in Sources */ = {isa = PBXBuildFile; fileRef = 000000000000000000001501 /* Models/OverviewHistoryDisplay.swift */; };
		000000000000000000002502 /* Views/OverviewLayouts.swift in Sources */ = {isa = PBXBuildFile; fileRef = 000000000000000000001502 /* Views/OverviewLayouts.swift */; };
		000000000000000000002503 /* Views/OverviewTabPane.swift in Sources */ = {isa = PBXBuildFile; fileRef = 000000000000000000001503 /* Views/OverviewTabPane.swift */; };
		000000000000000000002504 /* Views/OverviewServerCard.swift in Sources */ = {isa = PBXBuildFile; fileRef = 000000000000000000001504 /* Views/OverviewServerCard.swift */; };
		000000000000000000002505 /* Views/OverviewCard.swift in Sources */ = {isa = PBXBuildFile; fileRef = 000000000000000000001505 /* Views/OverviewCard.swift */; };
		000000000000000000002506 /* Support/DateDisplayParser.swift in Sources */ = {isa = PBXBuildFile; fileRef = 000000000000000000001506 /* Support/DateDisplayParser.swift */; };
		000000000000000000002507 /* Views/OverviewNodeInspector.swift in Sources */ = {isa = PBXBuildFile; fileRef = 000000000000000000001507 /* Views/OverviewNodeInspector.swift */; };
		000000000000000000002600 /* Models/ACMEDNSDraft.swift in Sources */ = {isa = PBXBuildFile; fileRef = 000000000000000000001600 /* Models/ACMEDNSDraft.swift */; };
		000000000000000000002601 /* Views/ACMEDNSFields.swift in Sources */ = {isa = PBXBuildFile; fileRef = 000000000000000000001601 /* Views/ACMEDNSFields.swift */; };
		000000000000000000002700 /* Stores/CredentialStore.swift in Sources */ = {isa = PBXBuildFile; fileRef = 000000000000000000001700 /* Stores/CredentialStore.swift */; };
		000000000000000000002701 /* Views/CredentialEditorView.swift in Sources */ = {isa = PBXBuildFile; fileRef = 000000000000000000001701 /* Views/CredentialEditorView.swift */; };
		000000000000000000002702 /* Views/CredentialPickerView.swift in Sources */ = {isa = PBXBuildFile; fileRef = 000000000000000000001702 /* Views/CredentialPickerView.swift */; };
		000000000000000000002703 /* Views/CredentialsView.swift in Sources */ = {isa = PBXBuildFile; fileRef = 000000000000000000001703 /* Views/CredentialsView.swift */; };
		000000000000000000002704 /* Models/CredentialDisplay.swift in Sources */ = {isa = PBXBuildFile; fileRef = 000000000000000000001704 /* Models/CredentialDisplay.swift */; };
		000000000000000000002800 /* Models/SSHHostFingerprintChange.swift in Sources */ = {isa = PBXBuildFile; fileRef = 000000000000000000001800 /* Models/SSHHostFingerprintChange.swift */; };
		000000000000000000002801 /* Views/SSHHostFingerprintChangeView.swift in Sources */ = {isa = PBXBuildFile; fileRef = 000000000000000000001801 /* Views/SSHHostFingerprintChangeView.swift */; };
		000000000000000000002705 /* Views/CredentialManagedDetailView.swift in Sources */ = {isa = PBXBuildFile; fileRef = 000000000000000000001705 /* Views/CredentialManagedDetailView.swift */; };
		000000000000000000002900 /* Models/PublicPortDraft.swift in Sources */ = {isa = PBXBuildFile; fileRef = 000000000000000000001900 /* Models/PublicPortDraft.swift */; };
		F11E00000000000000000009 /* Models/AuthorizationMemberDraft.swift in Sources */ = {isa = PBXBuildFile; fileRef = F11F00000000000000000009 /* Models/AuthorizationMemberDraft.swift */; };
		F11E0000000000000000000A /* Views/AuthorizationMemberBrowser.swift in Sources */ = {isa = PBXBuildFile; fileRef = F11F0000000000000000000A /* Views/AuthorizationMemberBrowser.swift */; };
		F11E0000000000000000000B /* Views/AuthorizationGroupMembersEditor.swift in Sources */ = {isa = PBXBuildFile; fileRef = F11F0000000000000000000B /* Views/AuthorizationGroupMembersEditor.swift */; };
		F11E0000000000000000000C /* Views/AuthorizationGroupMembersView.swift in Sources */ = {isa = PBXBuildFile; fileRef = F11F0000000000000000000C /* Views/AuthorizationGroupMembersView.swift */; };
		F11E0000000000000000000D /* Views/AuthorizationUserImpactList.swift in Sources */ = {isa = PBXBuildFile; fileRef = F11F0000000000000000000D /* Views/AuthorizationUserImpactList.swift */; };
/* End PBXBuildFile section */

/* Begin PBXFileReference section */
		C8ACB50E7F1842A39507AB11 /* Views/NodeCreatedView.swift */ = {isa = PBXFileReference; lastKnownFileType = sourcecode.swift; path = Views/NodeCreatedView.swift; sourceTree = "<group>"; };
		F11F00000000000000000001 /* Models/AuthorizationPageState.swift */ = {isa = PBXFileReference; lastKnownFileType = sourcecode.swift; path = Models/AuthorizationPageState.swift; sourceTree = "<group>"; };
		F11F00000000000000000002 /* Stores/AuthorizationGroupStore.swift */ = {isa = PBXFileReference; lastKnownFileType = sourcecode.swift; path = Stores/AuthorizationGroupStore.swift; sourceTree = "<group>"; };
		F11F00000000000000000003 /* Views/AuthorizationGroupsView.swift */ = {isa = PBXFileReference; lastKnownFileType = sourcecode.swift; path = Views/AuthorizationGroupsView.swift; sourceTree = "<group>"; };
		F11F00000000000000000004 /* Views/AuthorizationGroupEditorView.swift */ = {isa = PBXFileReference; lastKnownFileType = sourcecode.swift; path = Views/AuthorizationGroupEditorView.swift; sourceTree = "<group>"; };
		F11F00000000000000000005 /* Views/AuthorizationGroupDeletionPreviewView.swift */ = {isa = PBXFileReference; lastKnownFileType = sourcecode.swift; path = Views/AuthorizationGroupDeletionPreviewView.swift; sourceTree = "<group>"; };
		F11F00000000000000000006 /* Views/AuthorizationMutationReceiptView.swift */ = {isa = PBXFileReference; lastKnownFileType = sourcecode.swift; path = Views/AuthorizationMutationReceiptView.swift; sourceTree = "<group>"; };
		F11F00000000000000000007 /* Views/AuthorizationMultiSelectSheet.swift */ = {isa = PBXFileReference; lastKnownFileType = sourcecode.swift; path = Views/AuthorizationMultiSelectSheet.swift; sourceTree = "<group>"; };
		F11F00000000000000000008 /* Views/UserAuthorizationGroupMembershipView.swift */ = {isa = PBXFileReference; lastKnownFileType = sourcecode.swift; path = Views/UserAuthorizationGroupMembershipView.swift; sourceTree = "<group>"; };
		000000000000000000001C04 = {isa = PBXFileReference; lastKnownFileType = sourcecode.swift; path = Support/ManagementDisplayText.swift; sourceTree = "<group>"; };
		000000000000000000001C00 = {isa = PBXFileReference; lastKnownFileType = sourcecode.swift; path = Support/Localization.swift; sourceTree = "<group>"; };
		000000000000000000001C02 = {isa = PBXFileReference; lastKnownFileType = text.plist.strings; name = en; path = Resources/en.lproj/Localizable.strings; sourceTree = "<group>"; };
		000000000000000000001C03 = {isa = PBXFileReference; lastKnownFileType = text.plist.strings; name = "zh-Hans"; path = "Resources/zh-Hans.lproj/Localizable.strings"; sourceTree = "<group>"; };
		000000000000000000001B03 /* Views/DetailHeaderLayout.swift */ = {isa = PBXFileReference; lastKnownFileType = sourcecode.swift; path = Views/DetailHeaderLayout.swift; sourceTree = "<group>"; };
		000000000000000000001B02 /* Models/NodeTaskFeedback.swift */ = {isa = PBXFileReference; lastKnownFileType = sourcecode.swift; path = Models/NodeTaskFeedback.swift; sourceTree = "<group>"; };
		000000000000000000001B01 /* Views/DNSRecordDetailView.swift */ = {isa = PBXFileReference; lastKnownFileType = sourcecode.swift; path = Views/DNSRecordDetailView.swift; sourceTree = "<group>"; };
		63A415D8C64E4A67A79D058C /* Views/DNSRecordAppearance.swift */ = {isa = PBXFileReference; lastKnownFileType = sourcecode.swift; path = Views/DNSRecordAppearance.swift; sourceTree = "<group>"; };
		000000000000000000001B00 /* Views/MainVerticalSplitView.swift */ = {isa = PBXFileReference; lastKnownFileType = sourcecode.swift; path = Views/MainVerticalSplitView.swift; sourceTree = "<group>"; };
		0000000000000000000F1000 /* Models/DNSAllocationDraft.swift */ = {isa = PBXFileReference; lastKnownFileType = sourcecode.swift; path = Models/DNSAllocationDraft.swift; sourceTree = "<group>"; };
		0000000000000000000F1001 /* Stores/DNSStore.swift */ = {isa = PBXFileReference; lastKnownFileType = sourcecode.swift; path = Stores/DNSStore.swift; sourceTree = "<group>"; };
		0000000000000000000F1002 /* Views/DNSAllocationFields.swift */ = {isa = PBXFileReference; lastKnownFileType = sourcecode.swift; path = Views/DNSAllocationFields.swift; sourceTree = "<group>"; };
		0000000000000000000F1003 /* Views/DNSRecordEditorView.swift */ = {isa = PBXFileReference; lastKnownFileType = sourcecode.swift; path = Views/DNSRecordEditorView.swift; sourceTree = "<group>"; };
		0000000000000000000F1004 /* Views/DNSConnectionsView.swift */ = {isa = PBXFileReference; lastKnownFileType = sourcecode.swift; path = Views/DNSConnectionsView.swift; sourceTree = "<group>"; };
		0000000000000000000F1005 /* Views/DNSRecordsView.swift */ = {isa = PBXFileReference; lastKnownFileType = sourcecode.swift; path = Views/DNSRecordsView.swift; sourceTree = "<group>"; };
		0000000000000000000F1006 /* Views/DNSBindingEditorView.swift */ = {isa = PBXFileReference; lastKnownFileType = sourcecode.swift; path = Views/DNSBindingEditorView.swift; sourceTree = "<group>"; };
		000000000000000000001000 /* App/HysteriaXApp.swift */ = {isa = PBXFileReference; lastKnownFileType = sourcecode.swift; path = App/HysteriaXApp.swift; sourceTree = "<group>"; };
		000000000000000000001001 /* Models/APIModels.swift */ = {isa = PBXFileReference; lastKnownFileType = sourcecode.swift; path = Models/APIModels.swift; sourceTree = "<group>"; };
		000000000000000000001002 /* Services/APIClient.swift */ = {isa = PBXFileReference; lastKnownFileType = sourcecode.swift; path = Services/APIClient.swift; sourceTree = "<group>"; };
		000000000000000000001003 /* Services/KeychainStore.swift */ = {isa = PBXFileReference; lastKnownFileType = sourcecode.swift; path = Services/KeychainStore.swift; sourceTree = "<group>"; };
		000000000000000000001004 /* Stores/ManagementStore.swift */ = {isa = PBXFileReference; lastKnownFileType = sourcecode.swift; path = Stores/ManagementStore.swift; sourceTree = "<group>"; };
		000000000000000000001005 /* Views/AuditView.swift */ = {isa = PBXFileReference; lastKnownFileType = sourcecode.swift; path = Views/AuditView.swift; sourceTree = "<group>"; };
		000000000000000000001006 /* Views/ContentView.swift */ = {isa = PBXFileReference; lastKnownFileType = sourcecode.swift; path = Views/ContentView.swift; sourceTree = "<group>"; };
		000000000000000000001007 /* Views/JobsView.swift */ = {isa = PBXFileReference; lastKnownFileType = sourcecode.swift; path = Views/JobsView.swift; sourceTree = "<group>"; };
		000000000000000000001008 /* Views/NodesView.swift */ = {isa = PBXFileReference; lastKnownFileType = sourcecode.swift; path = Views/NodesView.swift; sourceTree = "<group>"; };
		000000000000000000001009 /* Views/OverviewView.swift */ = {isa = PBXFileReference; lastKnownFileType = sourcecode.swift; path = Views/OverviewView.swift; sourceTree = "<group>"; };
		00000000000000000000100A /* Views/SettingsView.swift */ = {isa = PBXFileReference; lastKnownFileType = sourcecode.swift; path = Views/SettingsView.swift; sourceTree = "<group>"; };
		00000000000000000000100B /* Views/UsersView.swift */ = {isa = PBXFileReference; lastKnownFileType = sourcecode.swift; path = Views/UsersView.swift; sourceTree = "<group>"; };
		000000000000000000001508 /* Views/QuotaProgressView.swift */ = {isa = PBXFileReference; lastKnownFileType = sourcecode.swift; path = Views/QuotaProgressView.swift; sourceTree = "<group>"; };
		00000000000000000000100C /* Views/ProxyConfigurationView.swift */ = {isa = PBXFileReference; lastKnownFileType = sourcecode.swift; path = Views/ProxyConfigurationView.swift; sourceTree = "<group>"; };
		00000000000000000000100D /* Models/OpenAPIRequests.generated.swift */ = {isa = PBXFileReference; lastKnownFileType = sourcecode.swift; path = Models/OpenAPIRequests.generated.swift; sourceTree = "<group>"; };
		00000000000000000000100E /* Models/OpenAPIResponses.generated.swift */ = {isa = PBXFileReference; lastKnownFileType = sourcecode.swift; path = Models/OpenAPIResponses.generated.swift; sourceTree = "<group>"; };
		000000000000000000003004 /* HysteriaX.app */ = {isa = PBXFileReference; explicitFileType = wrapper.application; includeInIndex = 0; path = HysteriaX.app; sourceTree = BUILT_PRODUCTS_DIR; };
		00000000000000000000100F /* Views/UserNodeAssignmentsView.swift */ = {isa = PBXFileReference; lastKnownFileType = sourcecode.swift; path = Views/UserNodeAssignmentsView.swift; sourceTree = "<group>"; };
		000000000000000000001100 /* Models/NodePackageDraft.swift */ = {isa = PBXFileReference; lastKnownFileType = sourcecode.swift; path = Models/NodePackageDraft.swift; sourceTree = "<group>"; };
		000000000000000000001101 /* Views/NodePackageFields.swift */ = {isa = PBXFileReference; lastKnownFileType = sourcecode.swift; path = Views/NodePackageFields.swift; sourceTree = "<group>"; };
		000000000000000000001102 /* Services/NodeAlertNotifications.swift */ = {isa = PBXFileReference; lastKnownFileType = sourcecode.swift; path = Services/NodeAlertNotifications.swift; sourceTree = "<group>"; };
		000000000000000000001200 /* Models/ServerConfigurationDraft.swift */ = {isa = PBXFileReference; lastKnownFileType = sourcecode.swift; path = Models/ServerConfigurationDraft.swift; sourceTree = "<group>"; };
		000000000000000000001201 /* Views/ServerConfigurationView.swift */ = {isa = PBXFileReference; lastKnownFileType = sourcecode.swift; path = Views/ServerConfigurationView.swift; sourceTree = "<group>"; };
		000000000000000000001300 /* Views/NodeNotificationsButton.swift */ = {isa = PBXFileReference; lastKnownFileType = sourcecode.swift; path = Views/NodeNotificationsButton.swift; sourceTree = "<group>"; };
		000000000000000000001400 /* Models/OverviewDisplay.swift */ = {isa = PBXFileReference; lastKnownFileType = sourcecode.swift; path = Models/OverviewDisplay.swift; sourceTree = "<group>"; };
		000000000000000000001401 /* Views/OverviewMonitoringView.swift */ = {isa = PBXFileReference; lastKnownFileType = sourcecode.swift; path = Views/OverviewMonitoringView.swift; sourceTree = "<group>"; };
		000000000000000000001402 /* Views/OverviewHistoryView.swift */ = {isa = PBXFileReference; lastKnownFileType = sourcecode.swift; path = Views/OverviewHistoryView.swift; sourceTree = "<group>"; };
		000000000000000000001500 /* Models/OverviewSceneState.swift */ = {isa = PBXFileReference; lastKnownFileType = sourcecode.swift; path = Models/OverviewSceneState.swift; sourceTree = "<group>"; };
		000000000000000000001501 /* Models/OverviewHistoryDisplay.swift */ = {isa = PBXFileReference; lastKnownFileType = sourcecode.swift; path = Models/OverviewHistoryDisplay.swift; sourceTree = "<group>"; };
		000000000000000000001502 /* Views/OverviewLayouts.swift */ = {isa = PBXFileReference; lastKnownFileType = sourcecode.swift; path = Views/OverviewLayouts.swift; sourceTree = "<group>"; };
		000000000000000000001503 /* Views/OverviewTabPane.swift */ = {isa = PBXFileReference; lastKnownFileType = sourcecode.swift; path = Views/OverviewTabPane.swift; sourceTree = "<group>"; };
		000000000000000000001504 /* Views/OverviewServerCard.swift */ = {isa = PBXFileReference; lastKnownFileType = sourcecode.swift; path = Views/OverviewServerCard.swift; sourceTree = "<group>"; };
		000000000000000000001505 /* Views/OverviewCard.swift */ = {isa = PBXFileReference; lastKnownFileType = sourcecode.swift; path = Views/OverviewCard.swift; sourceTree = "<group>"; };
		000000000000000000001506 /* Support/DateDisplayParser.swift */ = {isa = PBXFileReference; lastKnownFileType = sourcecode.swift; path = Support/DateDisplayParser.swift; sourceTree = "<group>"; };
		000000000000000000001507 /* Views/OverviewNodeInspector.swift */ = {isa = PBXFileReference; lastKnownFileType = sourcecode.swift; path = Views/OverviewNodeInspector.swift; sourceTree = "<group>"; };
		000000000000000000001600 /* Models/ACMEDNSDraft.swift */ = {isa = PBXFileReference; lastKnownFileType = sourcecode.swift; path = Models/ACMEDNSDraft.swift; sourceTree = "<group>"; };
		000000000000000000001601 /* Views/ACMEDNSFields.swift */ = {isa = PBXFileReference; lastKnownFileType = sourcecode.swift; path = Views/ACMEDNSFields.swift; sourceTree = "<group>"; };
		000000000000000000001700 /* Stores/CredentialStore.swift */ = {isa = PBXFileReference; lastKnownFileType = sourcecode.swift; path = Stores/CredentialStore.swift; sourceTree = "<group>"; };
		000000000000000000001701 /* Views/CredentialEditorView.swift */ = {isa = PBXFileReference; lastKnownFileType = sourcecode.swift; path = Views/CredentialEditorView.swift; sourceTree = "<group>"; };
		000000000000000000001702 /* Views/CredentialPickerView.swift */ = {isa = PBXFileReference; lastKnownFileType = sourcecode.swift; path = Views/CredentialPickerView.swift; sourceTree = "<group>"; };
		000000000000000000001703 /* Views/CredentialsView.swift */ = {isa = PBXFileReference; lastKnownFileType = sourcecode.swift; path = Views/CredentialsView.swift; sourceTree = "<group>"; };
		000000000000000000001704 /* Models/CredentialDisplay.swift */ = {isa = PBXFileReference; lastKnownFileType = sourcecode.swift; path = Models/CredentialDisplay.swift; sourceTree = "<group>"; };
		000000000000000000001800 /* Models/SSHHostFingerprintChange.swift */ = {isa = PBXFileReference; lastKnownFileType = sourcecode.swift; path = Models/SSHHostFingerprintChange.swift; sourceTree = "<group>"; };
		000000000000000000001801 /* Views/SSHHostFingerprintChangeView.swift */ = {isa = PBXFileReference; lastKnownFileType = sourcecode.swift; path = Views/SSHHostFingerprintChangeView.swift; sourceTree = "<group>"; };
		000000000000000000001705 /* Views/CredentialManagedDetailView.swift */ = {isa = PBXFileReference; lastKnownFileType = sourcecode.swift; path = Views/CredentialManagedDetailView.swift; sourceTree = "<group>"; };
		000000000000000000001900 /* Models/PublicPortDraft.swift */ = {isa = PBXFileReference; lastKnownFileType = sourcecode.swift; path = Models/PublicPortDraft.swift; sourceTree = "<group>"; };
		F11F00000000000000000009 /* Models/AuthorizationMemberDraft.swift */ = {isa = PBXFileReference; lastKnownFileType = sourcecode.swift; path = Models/AuthorizationMemberDraft.swift; sourceTree = "<group>"; };
		F11F0000000000000000000A /* Views/AuthorizationMemberBrowser.swift */ = {isa = PBXFileReference; lastKnownFileType = sourcecode.swift; path = Views/AuthorizationMemberBrowser.swift; sourceTree = "<group>"; };
		F11F0000000000000000000B /* Views/AuthorizationGroupMembersEditor.swift */ = {isa = PBXFileReference; lastKnownFileType = sourcecode.swift; path = Views/AuthorizationGroupMembersEditor.swift; sourceTree = "<group>"; };
		F11F0000000000000000000C /* Views/AuthorizationGroupMembersView.swift */ = {isa = PBXFileReference; lastKnownFileType = sourcecode.swift; path = Views/AuthorizationGroupMembersView.swift; sourceTree = "<group>"; };
		F11F0000000000000000000D /* Views/AuthorizationUserImpactList.swift */ = {isa = PBXFileReference; lastKnownFileType = sourcecode.swift; path = Views/AuthorizationUserImpactList.swift; sourceTree = "<group>"; };
/* End PBXFileReference section */

/* Begin PBXFrameworksBuildPhase section */
		000000000000000000004002 /* Frameworks */ = {
			isa = PBXFrameworksBuildPhase;
			buildActionMask = 2147483647;
			files = (
			);
			runOnlyForDeploymentPostprocessing = 0;
		};
/* End PBXFrameworksBuildPhase section */

/* Begin PBXVariantGroup section */
		000000000000000000001C01 = {isa = PBXVariantGroup; children = (000000000000000000001C02, 000000000000000000001C03); name = Localizable.strings; sourceTree = "<group>"; };
/* End PBXVariantGroup section */

/* Begin PBXGroup section */
		000000000000000000003001 /* Sources/HysteriaX */ = {
			isa = PBXGroup;
			children = (
				F11F00000000000000000001 /* Models/AuthorizationPageState.swift */,
				F11F00000000000000000002 /* Stores/AuthorizationGroupStore.swift */,
				F11F00000000000000000003 /* Views/AuthorizationGroupsView.swift */,
				F11F00000000000000000004 /* Views/AuthorizationGroupEditorView.swift */,
				F11F00000000000000000005 /* Views/AuthorizationGroupDeletionPreviewView.swift */,
				F11F00000000000000000006 /* Views/AuthorizationMutationReceiptView.swift */,
				F11F00000000000000000007 /* Views/AuthorizationMultiSelectSheet.swift */,
				F11F00000000000000000008 /* Views/UserAuthorizationGroupMembershipView.swift */,
				F11F0000000000000000000D /* Views/AuthorizationUserImpactList.swift */,
				F11F0000000000000000000C /* Views/AuthorizationGroupMembersView.swift */,
				F11F0000000000000000000B /* Views/AuthorizationGroupMembersEditor.swift */,
				F11F0000000000000000000A /* Views/AuthorizationMemberBrowser.swift */,
				F11F00000000000000000009 /* Models/AuthorizationMemberDraft.swift */,
				000000000000000000001C00 /* Localization.swift */,
				000000000000000000001C04 /* ManagementDisplayText.swift */,
				000000000000000000001C01 /* Localizable.strings */,
				0000000000000000000F1000 /* Models/DNSAllocationDraft.swift */,
				0000000000000000000F1001 /* Stores/DNSStore.swift */,
				0000000000000000000F1002 /* Views/DNSAllocationFields.swift */,
				0000000000000000000F1003 /* Views/DNSRecordEditorView.swift */,
				0000000000000000000F1004 /* Views/DNSConnectionsView.swift */,
				0000000000000000000F1005 /* Views/DNSRecordsView.swift */,
				0000000000000000000F1006 /* Views/DNSBindingEditorView.swift */,
				000000000000000000001700 /* Stores/CredentialStore.swift */,
				000000000000000000001701 /* Views/CredentialEditorView.swift */,
				000000000000000000001702 /* Views/CredentialPickerView.swift */,
				000000000000000000001703 /* Views/CredentialsView.swift */,
				000000000000000000001705 /* Views/CredentialManagedDetailView.swift */,
				000000000000000000001704 /* Models/CredentialDisplay.swift */,
				000000000000000000001000 /* App/HysteriaXApp.swift */,
				000000000000000000001402 /* Views/OverviewHistoryView.swift */,
				000000000000000000001507 /* Views/OverviewNodeInspector.swift */,
				000000000000000000001506 /* Support/DateDisplayParser.swift */,
				000000000000000000001505 /* Views/OverviewCard.swift */,
				000000000000000000001504 /* Views/OverviewServerCard.swift */,
				000000000000000000001503 /* Views/OverviewTabPane.swift */,
				000000000000000000001502 /* Views/OverviewLayouts.swift */,
				000000000000000000001501 /* Models/OverviewHistoryDisplay.swift */,
				000000000000000000001500 /* Models/OverviewSceneState.swift */,
				000000000000000000001401 /* Views/OverviewMonitoringView.swift */,
				000000000000000000001400 /* Models/OverviewDisplay.swift */,
				000000000000000000001300 /* Views/NodeNotificationsButton.swift */,
				000000000000000000001201 /* Views/ServerConfigurationView.swift */,
				000000000000000000001200 /* Models/ServerConfigurationDraft.swift */,
				000000000000000000001102 /* Services/NodeAlertNotifications.swift */,
				000000000000000000001101 /* Views/NodePackageFields.swift */,
				000000000000000000001100 /* Models/NodePackageDraft.swift */,
				000000000000000000001001 /* Models/APIModels.swift */,
				000000000000000000001002 /* Services/APIClient.swift */,
				000000000000000000001003 /* Services/KeychainStore.swift */,
				000000000000000000001004 /* Stores/ManagementStore.swift */,
				000000000000000000001005 /* Views/AuditView.swift */,
				000000000000000000001006 /* Views/ContentView.swift */,
				000000000000000000001B01 /* Views/DNSRecordDetailView.swift */,
				63A415D8C64E4A67A79D058C /* Views/DNSRecordAppearance.swift */,
				000000000000000000001B02 /* Models/NodeTaskFeedback.swift */,
				000000000000000000001B03 /* Views/DetailHeaderLayout.swift */,
				000000000000000000001B00 /* Views/MainVerticalSplitView.swift */,
				000000000000000000001007 /* Views/JobsView.swift */,
				000000000000000000001801 /* Views/SSHHostFingerprintChangeView.swift */,
				000000000000000000001800 /* Models/SSHHostFingerprintChange.swift */,
				000000000000000000001900 /* Models/PublicPortDraft.swift */,
				C8ACB50E7F1842A39507AB11 /* Views/NodeCreatedView.swift */,
				000000000000000000001008 /* Views/NodesView.swift */,
				000000000000000000001009 /* Views/OverviewView.swift */,
				00000000000000000000100A /* Views/SettingsView.swift */,
				00000000000000000000100B /* Views/UsersView.swift */,
				000000000000000000001508 /* Views/QuotaProgressView.swift */,
				00000000000000000000100F /* Views/UserNodeAssignmentsView.swift */,
				00000000000000000000100C /* Views/ProxyConfigurationView.swift */,
				000000000000000000001601 /* Views/ACMEDNSFields.swift */,
				000000000000000000001600 /* Models/ACMEDNSDraft.swift */,
				00000000000000000000100D /* Models/OpenAPIRequests.generated.swift */,
				00000000000000000000100E /* Models/OpenAPIResponses.generated.swift */,
			);
			path = Sources/HysteriaX;
			sourceTree = "<group>";
		};
		000000000000000000003002 = {
			isa = PBXGroup;
			children = (
				000000000000000000003001 /* Sources/HysteriaX */,
				000000000000000000003003 /* Products */,
			);
			sourceTree = "<group>";
		};
		000000000000000000003003 /* Products */ = {
			isa = PBXGroup;
			children = (
				000000000000000000003004 /* HysteriaX.app */,
			);
			name = Products;
			sourceTree = "<group>";
		};
/* End PBXGroup section */

/* Begin PBXNativeTarget section */
		000000000000000000005001 /* HysteriaX */ = {
			isa = PBXNativeTarget;
			buildConfigurationList = 000000000000000000007002 /* Build configuration list for PBXNativeTarget "HysteriaX" */;
			buildPhases = (
				000000000000000000004001 /* Sources */,
				000000000000000000004002 /* Frameworks */,
				000000000000000000004003 /* Resources */,
			);
			buildRules = (
			);
			dependencies = (
			);
			name = HysteriaX;
			productName = HysteriaX;
			productReference = 000000000000000000003004 /* HysteriaX.app */;
			productType = "com.apple.product-type.application";
		};
/* End PBXNativeTarget section */

/* Begin PBXProject section */
		000000000000000000006001 /* Project object */ = {
			isa = PBXProject;
			attributes = {
				BuildIndependentTargetsInParallel = 1;
				LastUpgradeCheck = 2700;
				TargetAttributes = {
					000000000000000000005001 = {
						CreatedOnToolsVersion = 27.0;
					};
				};
			};
			buildConfigurationList = 000000000000000000007001 /* Build configuration list for PBXProject "HysteriaX" */;
			compatibilityVersion = "Xcode 16.0";
			developmentRegion = en;
			hasScannedForEncodings = 0;
			knownRegions = (
				"zh-Hans",
				en,
				Base,
			);
			mainGroup = 000000000000000000003002;
			productRefGroup = 000000000000000000003003 /* Products */;
			projectDirPath = "";
			projectRoot = "";
			targets = (
				000000000000000000005001 /* HysteriaX */,
			);
		};
/* End PBXProject section */

/* Begin PBXResourcesBuildPhase section */
		000000000000000000004003 /* Resources */ = {
			isa = PBXResourcesBuildPhase;
			buildActionMask = 2147483647;
			files = (
				000000000000000000002C01 /* Localizable.strings in Resources */,
			);
			runOnlyForDeploymentPostprocessing = 0;
		};
/* End PBXResourcesBuildPhase section */

/* Begin PBXSourcesBuildPhase section */
		000000000000000000004001 /* Sources */ = {
			isa = PBXSourcesBuildPhase;
			buildActionMask = 2147483647;
			files = (
				F11E00000000000000000001 /* Models/AuthorizationPageState.swift in Sources */,
				F11E00000000000000000002 /* Stores/AuthorizationGroupStore.swift in Sources */,
				F11E00000000000000000003 /* Views/AuthorizationGroupsView.swift in Sources */,
				F11E00000000000000000004 /* Views/AuthorizationGroupEditorView.swift in Sources */,
				F11E00000000000000000005 /* Views/AuthorizationGroupDeletionPreviewView.swift in Sources */,
				F11E00000000000000000006 /* Views/AuthorizationMutationReceiptView.swift in Sources */,
				F11E00000000000000000007 /* Views/AuthorizationMultiSelectSheet.swift in Sources */,
				F11E00000000000000000008 /* Views/UserAuthorizationGroupMembershipView.swift in Sources */,
				F11E0000000000000000000D /* Views/AuthorizationUserImpactList.swift in Sources */,
				F11E0000000000000000000C /* Views/AuthorizationGroupMembersView.swift in Sources */,
				F11E0000000000000000000B /* Views/AuthorizationGroupMembersEditor.swift in Sources */,
				F11E0000000000000000000A /* Views/AuthorizationMemberBrowser.swift in Sources */,
				F11E00000000000000000009 /* Models/AuthorizationMemberDraft.swift in Sources */,
				000000000000000000002C00 /* Localization.swift in Sources */,
				000000000000000000002C04 /* ManagementDisplayText.swift in Sources */,
				0000000000000000000F2000 /* Models/DNSAllocationDraft.swift in Sources */,
				0000000000000000000F2001 /* Stores/DNSStore.swift in Sources */,
				0000000000000000000F2002 /* Views/DNSAllocationFields.swift in Sources */,
				0000000000000000000F2003 /* Views/DNSRecordEditorView.swift in Sources */,
				0000000000000000000F2004 /* Views/DNSConnectionsView.swift in Sources */,
				0000000000000000000F2005 /* Views/DNSRecordsView.swift in Sources */,
				0000000000000000000F2006 /* Views/DNSBindingEditorView.swift in Sources */,
				000000000000000000002700 /* Stores/CredentialStore.swift in Sources */,
				000000000000000000002701 /* Views/CredentialEditorView.swift in Sources */,
				000000000000000000002702 /* Views/CredentialPickerView.swift in Sources */,
				000000000000000000002703 /* Views/CredentialsView.swift in Sources */,
				000000000000000000002705 /* Views/CredentialManagedDetailView.swift in Sources */,
				000000000000000000002704 /* Models/CredentialDisplay.swift in Sources */,
				000000000000000000002000 /* App/HysteriaXApp.swift in Sources */,
				000000000000000000002402 /* Views/OverviewHistoryView.swift in Sources */,
				000000000000000000002507 /* Views/OverviewNodeInspector.swift in Sources */,
				000000000000000000002506 /* Support/DateDisplayParser.swift in Sources */,
				000000000000000000002505 /* Views/OverviewCard.swift in Sources */,
				000000000000000000002504 /* Views/OverviewServerCard.swift in Sources */,
				000000000000000000002503 /* Views/OverviewTabPane.swift in Sources */,
				000000000000000000002502 /* Views/OverviewLayouts.swift in Sources */,
				000000000000000000002501 /* Models/OverviewHistoryDisplay.swift in Sources */,
				000000000000000000002500 /* Models/OverviewSceneState.swift in Sources */,
				000000000000000000002401 /* Views/OverviewMonitoringView.swift in Sources */,
				000000000000000000002400 /* Models/OverviewDisplay.swift in Sources */,
				000000000000000000002300 /* Views/NodeNotificationsButton.swift in Sources */,
				000000000000000000002201 /* Views/ServerConfigurationView.swift in Sources */,
				000000000000000000002200 /* Models/ServerConfigurationDraft.swift in Sources */,
				000000000000000000002102 /* Services/NodeAlertNotifications.swift in Sources */,
				000000000000000000002101 /* Views/NodePackageFields.swift in Sources */,
				000000000000000000002100 /* Models/NodePackageDraft.swift in Sources */,
				000000000000000000002001 /* Models/APIModels.swift in Sources */,
				000000000000000000002002 /* Services/APIClient.swift in Sources */,
				000000000000000000002003 /* Services/KeychainStore.swift in Sources */,
				000000000000000000002004 /* Stores/ManagementStore.swift in Sources */,
				000000000000000000002005 /* Views/AuditView.swift in Sources */,
				000000000000000000002006 /* Views/ContentView.swift in Sources */,
				000000000000000000002B01 /* Views/DNSRecordDetailView.swift in Sources */,
				7C78671F3CC4403BA2F4EB65 /* Views/DNSRecordAppearance.swift in Sources */,
				000000000000000000002B02 /* Models/NodeTaskFeedback.swift in Sources */,
				000000000000000000002B03 /* Views/DetailHeaderLayout.swift in Sources */,
				000000000000000000002B00 /* Views/MainVerticalSplitView.swift in Sources */,
				000000000000000000002007 /* Views/JobsView.swift in Sources */,
				000000000000000000002801 /* Views/SSHHostFingerprintChangeView.swift in Sources */,
				000000000000000000002800 /* Models/SSHHostFingerprintChange.swift in Sources */,
				000000000000000000002900 /* Models/PublicPortDraft.swift in Sources */,
				C8ACB50E7F1842A39507AB10 /* Views/NodeCreatedView.swift in Sources */,
				000000000000000000002008 /* Views/NodesView.swift in Sources */,
				000000000000000000002009 /* Views/OverviewView.swift in Sources */,
				00000000000000000000200A /* Views/SettingsView.swift in Sources */,
				00000000000000000000200B /* Views/UsersView.swift in Sources */,
				000000000000000000002508 /* Views/QuotaProgressView.swift in Sources */,
				00000000000000000000200F /* Views/UserNodeAssignmentsView.swift in Sources */,
				00000000000000000000200C /* Views/ProxyConfigurationView.swift in Sources */,
				000000000000000000002601 /* Views/ACMEDNSFields.swift in Sources */,
				000000000000000000002600 /* Models/ACMEDNSDraft.swift in Sources */,
				00000000000000000000200D /* Models/OpenAPIRequests.generated.swift in Sources */,
				00000000000000000000200E /* Models/OpenAPIResponses.generated.swift in Sources */,
			);
			runOnlyForDeploymentPostprocessing = 0;
		};
/* End PBXSourcesBuildPhase section */

/* Begin XCBuildConfiguration section */
		000000000000000000007101 /* Debug */ = {
			isa = XCBuildConfiguration;
			buildSettings = {
				CLANG_ENABLE_MODULES = YES;
				DEBUG_INFORMATION_FORMAT = dwarf;
				MACOSX_DEPLOYMENT_TARGET = 26.0;
				SDKROOT = macosx;
				SWIFT_VERSION = 6.0;
			};
			name = Debug;
		};
		000000000000000000007102 /* Release */ = {
			isa = XCBuildConfiguration;
			buildSettings = {
				CLANG_ENABLE_MODULES = YES;
				DEBUG_INFORMATION_FORMAT = "dwarf-with-dsym";
				MACOSX_DEPLOYMENT_TARGET = 26.0;
				SDKROOT = macosx;
				SWIFT_VERSION = 6.0;
			};
			name = Release;
		};
		000000000000000000007201 /* Debug */ = {
			isa = XCBuildConfiguration;
			buildSettings = {
				CODE_SIGN_STYLE = Automatic;
				CURRENT_PROJECT_VERSION = 1;
				DEVELOPMENT_TEAM = 2Q8B34FN8L;
				ENABLE_PREVIEWS = YES;
				GENERATE_INFOPLIST_FILE = YES;
				INFOPLIST_KEY_CFBundleDisplayName = HysteriaX;
				INFOPLIST_KEY_LSMinimumSystemVersion = 26.0;
				INFOPLIST_KEY_NSApplicationCategoryType = "public.app-category.utilities";
				MACOSX_DEPLOYMENT_TARGET = 26.0;
				PRODUCT_BUNDLE_IDENTIFIER = com.hysteriax.app;
				PRODUCT_NAME = "$(TARGET_NAME)";
				SDKROOT = macosx;
				SUPPORTED_PLATFORMS = macosx;
				SWIFT_OPTIMIZATION_LEVEL = "-Onone";
				SWIFT_STRICT_CONCURRENCY = complete;
				SWIFT_VERSION = 6.0;
			};
			name = Debug;
		};
		000000000000000000007202 /* Release */ = {
			isa = XCBuildConfiguration;
			buildSettings = {
				ARCHS = (
					arm64,
					x86_64,
				);
				CODE_SIGN_STYLE = Automatic;
				CURRENT_PROJECT_VERSION = 1;
				DEVELOPMENT_TEAM = 2Q8B34FN8L;
				GENERATE_INFOPLIST_FILE = YES;
				INFOPLIST_KEY_CFBundleDisplayName = HysteriaX;
				INFOPLIST_KEY_LSMinimumSystemVersion = 26.0;
				INFOPLIST_KEY_NSApplicationCategoryType = "public.app-category.utilities";
				MACOSX_DEPLOYMENT_TARGET = 26.0;
				ONLY_ACTIVE_ARCH = NO;
				PRODUCT_BUNDLE_IDENTIFIER = com.hysteriax.app;
				PRODUCT_NAME = "$(TARGET_NAME)";
				SDKROOT = macosx;
				SUPPORTED_PLATFORMS = macosx;
				SWIFT_OPTIMIZATION_LEVEL = "-O";
				SWIFT_STRICT_CONCURRENCY = complete;
				SWIFT_VERSION = 6.0;
			};
			name = Release;
		};
/* End XCBuildConfiguration section */

/* Begin XCConfigurationList section */
		000000000000000000007001 /* Build configuration list for PBXProject "HysteriaX" */ = {
			isa = XCConfigurationList;
			buildConfigurations = (
				000000000000000000007101 /* Debug */,
				000000000000000000007102 /* Release */,
			);
			defaultConfigurationIsVisible = 0;
			defaultConfigurationName = Release;
		};
		000000000000000000007002 /* Build configuration list for PBXNativeTarget "HysteriaX" */ = {
			isa = XCConfigurationList;
			buildConfigurations = (
				000000000000000000007201 /* Debug */,
				000000000000000000007202 /* Release */,
			);
			defaultConfigurationIsVisible = 0;
			defaultConfigurationName = Release;
		};
/* End XCConfigurationList section */
	};
	rootObject = 000000000000000000006001 /* Project object */;
}
